
Microsoft Visual Studio Solution File, Format Version 12.00
# Visual Studio Version 17
VisualStudioVersion = 17.9.34723.18
MinimumVisualStudioVersion = 10.0.40219.1
Project("{FAE04EC0-301F-11D3-BF4B-00C04F79EFBC}") = "Dictionary&SetOperators", "Dictionary&SetOperators.csproj", "{DA39B3EB-4453-4397-A389-7555D7B87BE5}"
EndProject
Global
	GlobalSection(SolutionConfigurationPlatforms) = preSolution
		Debug|Any CPU = Debug|Any CPU
		Release|Any CPU = Release|Any CPU
	EndGlobalSection
	GlobalSection(ProjectConfigurationPlatforms) = postSolution
		{DA39B3EB-4453-4397-A389-7555D7B87BE5}.Debug|Any CPU.ActiveCfg = Debug|Any CPU
		{DA39B3EB-4453-4397-A389-7555D7B87BE5}.Debug|Any CPU.Build.0 = Debug|Any CPU
		{DA39B3EB-4453-4397-A389-7555D7B87BE5}.Release|Any CPU.ActiveCfg = Release|Any CPU
		{DA39B3EB-4453-4397-A389-7555D7B87BE5}.Release|Any CPU.Build.0 = Release|Any CPU
	EndGlobalSection
	GlobalSection(SolutionProperties) = preSolution
		HideSolutionNode = FALSE
	EndGlobalSection
	GlobalSection(ExtensibilityGlobals) = postSolution
		SolutionGuid = {E7E9BAAE-19F9-4AB0-8EEC-D693472AA369}
	EndGlobalSection
EndGlobal
